
Microsoft Visual Studio Solution File, Format Version 12.00
# Visual Studio Version 17
VisualStudioVersion = 17.8.34408.163
MinimumVisualStudioVersion = 10.0.40219.1
Project("{9A19103F-16F7-4668-BE54-9A1E7A4F7556}") = "ConsoleApp2", "ConsoleApp2.csproj", "{452DBD20-C5CD-4E46-B9D3-D997AE2428DA}"
EndProject
Project("{2150E333-8FDC-42A3-9474-1A3956D46DE8}") = "Элементы решения", "Элементы решения", "{B49025C6-91E0-4E16-A17C-DCC24BF81C0C}"
	ProjectSection(SolutionItems) = preProject
		TextFile1.txt = TextFile1.txt
	EndProjectSection
EndProject
Global
	GlobalSection(SolutionConfigurationPlatforms) = preSolution
		Debug|Any CPU = Debug|Any CPU
		Release|Any CPU = Release|Any CPU
	EndGlobalSection
	GlobalSection(ProjectConfigurationPlatforms) = postSolution
		{452DBD20-C5CD-4E46-B9D3-D997AE2428DA}.Debug|Any CPU.ActiveCfg = Debug|Any CPU
		{452DBD20-C5CD-4E46-B9D3-D997AE2428DA}.Debug|Any CPU.Build.0 = Debug|Any CPU
		{452DBD20-C5CD-4E46-B9D3-D997AE2428DA}.Release|Any CPU.ActiveCfg = Release|Any CPU
		{452DBD20-C5CD-4E46-B9D3-D997AE2428DA}.Release|Any CPU.Build.0 = Release|Any CPU
	EndGlobalSection
	GlobalSection(SolutionProperties) = preSolution
		HideSolutionNode = FALSE
	EndGlobalSection
	GlobalSection(ExtensibilityGlobals) = postSolution
		SolutionGuid = {2635F2F0-AF4A-473E-B448-A8DCBF2737E2}
	EndGlobalSection
EndGlobal
